// !$*UTF8*$!
{
	archiveVersion = 1;
	classes = {
	};
	objectVersion = 46;
	objects = {

/* Begin PBXBuildFile section */
		4F0AED561D1044B300E03CDE /* LoginViewController.swift in Sources */ = {isa = PBXBuildFile; fileRef = 4F0AED551D1044B300E03CDE /* LoginViewController.swift */; };
		4F44390E1D0AFBCA0040E35B /* AppDelegate.swift in Sources */ = {isa = PBXBuildFile; fileRef = 4F44390D1D0AFBCA0040E35B /* AppDelegate.swift */; };
		4F4439101D0AFBCA0040E35B /* ViewController.swift in Sources */ = {isa = PBXBuildFile; fileRef = 4F44390F1D0AFBCA0040E35B /* ViewController.swift */; };
		4F4439131D0AFBCA0040E35B /* Main.storyboard in Resources */ = {isa = PBXBuildFile; fileRef = 4F4439111D0AFBCA0040E35B /* Main.storyboard */; };
		4F4439151D0AFBCA0040E35B /* Assets.xcassets in Resources */ = {isa = PBXBuildFile; fileRef = 4F4439141D0AFBCA0040E35B /* Assets.xcassets */; };
		4F4439181D0AFBCA0040E35B /* LaunchScreen.storyboard in Resources */ = {isa = PBXBuildFile; fileRef = 4F4439161D0AFBCA0040E35B /* LaunchScreen.storyboard */; };
		4F4439231D0AFBCA0040E35B /* Tumblr1Tests.swift in Sources */ = {isa = PBXBuildFile; fileRef = 4F4439221D0AFBCA0040E35B /* Tumblr1Tests.swift */; };
		4F44392E1D0AFBCA0040E35B /* Tumblr1UITests.swift in Sources */ = {isa = PBXBuildFile; fileRef = 4F44392D1D0AFBCA0040E35B /* Tumblr1UITests.swift */; };
		4F44393C1D0B02340040E35B /* TabBarViewController.swift in Sources */ = {isa = PBXBuildFile; fileRef = 4F44393B1D0B02340040E35B /* TabBarViewController.swift */; };
		4F4439781D0B959E0040E35B /* TrendingViewController.swift in Sources */ = {isa = PBXBuildFile; fileRef = 4F4439771D0B959E0040E35B /* TrendingViewController.swift */; };
		4F44397A1D0BA6930040E35B /* ComposeViewController.swift in Sources */ = {isa = PBXBuildFile; fileRef = 4F4439791D0BA6930040E35B /* ComposeViewController.swift */; };
/* End PBXBuildFile section */

/* Begin PBXContainerItemProxy section */
		4F44391F1D0AFBCA0040E35B /* PBXContainerItemProxy */ = {
			isa = PBXContainerItemProxy;
			containerPortal = 4F4439021D0AFBCA0040E35B /* Project object */;
			proxyType = 1;
			remoteGlobalIDString = 4F4439091D0AFBCA0040E35B;
			remoteInfo = Tumblr1;
		};
		4F44392A1D0AFBCA0040E35B /* PBXContainerItemProxy */ = {
			isa = PBXContainerItemProxy;
			containerPortal = 4F4439021D0AFBCA0040E35B /* Project object */;
			proxyType = 1;
			remoteGlobalIDString = 4F4439091D0AFBCA0040E35B;
			remoteInfo = Tumblr1;
		};
/* End PBXContainerItemProxy section */

/* Begin PBXFileReference section */
		4F0AED551D1044B300E03CDE /* LoginViewController.swift */ = {isa = PBXFileReference; fileEncoding = 4; lastKnownFileType = sourcecode.swift; path = LoginViewController.swift; sourceTree = "<group>"; };
		4F44390A1D0AFBCA0040E35B /* Tumblr1.app */ = {isa = PBXFileReference; explicitFileType = wrapper.application; includeInIndex = 0; path = Tumblr1.app; sourceTree = BUILT_PRODUCTS_DIR; };
		4F44390D1D0AFBCA0040E35B /* AppDelegate.swift */ = {isa = PBXFileReference; lastKnownFileType = sourcecode.swift; path = AppDelegate.swift; sourceTree = "<group>"; };
		4F44390F1D0AFBCA0040E35B /* ViewController.swift */ = {isa = PBXFileReference; lastKnownFileType = sourcecode.swift; path = ViewController.swift; sourceTree = "<group>"; };
		4F4439121D0AFBCA0040E35B /* Base */ = {isa = PBXFileReference; lastKnownFileType = file.storyboard; name = Base; path = Base.lproj/Main.storyboard; sourceTree = "<group>"; };
		4F4439141D0AFBCA0040E35B /* Assets.xcassets */ = {isa = PBXFileReference; lastKnownFileType = folder.assetcatalog; path = Assets.xcassets; sourceTree = "<group>"; };
		4F4439171D0AFBCA0040E35B /* Base */ = {isa = PBXFileReference; lastKnownFileType = file.storyboard; name = Base; path = Base.lproj/LaunchScreen.storyboard; sourceTree = "<group>"; };
		4F4439191D0AFBCA0040E35B /* Info.plist */ = {isa = PBXFileReference; lastKnownFileType = text.plist.xml; path = Info.plist; sourceTree = "<group>"; };
		4F44391E1D0AFBCA0040E35B /* Tumblr1Tests.xctest */ = {isa = PBXFileReference; explicitFileType = wrapper.cfbundle; includeInIndex = 0; path = Tumblr1Tests.xctest; sourceTree = BUILT_PRODUCTS_DIR; };
		4F4439221D0AFBCA0040E35B /* Tumblr1Tests.swift */ = {isa = PBXFileReference; lastKnownFileType = sourcecode.swift; path = Tumblr1Tests.swift; sourceTree = "<group>"; };
		4F4439241D0AFBCA0040E35B /* Info.plist */ = {isa = PBXFileReference; lastKnownFileType = text.plist.xml; path = Info.plist; sourceTree = "<group>"; };
		4F4439291D0AFBCA0040E35B /* Tumblr1UITests.xctest */ = {isa = PBXFileReference; explicitFileType = wrapper.cfbundle; includeInIndex = 0; path = Tumblr1UITests.xctest; sourceTree = BUILT_PRODUCTS_DIR; };
		4F44392D1D0AFBCA0040E35B /* Tumblr1UITests.swift */ = {isa = PBXFileReference; lastKnownFileType = sourcecode.swift; path = Tumblr1UITests.swift; sourceTree = "<group>"; };
		4F44392F1D0AFBCA0040E35B /* Info.plist */ = {isa = PBXFileReference; lastKnownFileType = text.plist.xml; path = Info.plist; sourceTree = "<group>"; };
		4F44393B1D0B02340040E35B /* TabBarViewController.swift */ = {isa = PBXFileReference; fileEncoding = 4; lastKnownFileType = sourcecode.swift; path = TabBarViewController.swift; sourceTree = "<group>"; };
		4F4439771D0B959E0040E35B /* TrendingViewController.swift */ = {isa = PBXFileReference; fileEncoding = 4; lastKnownFileType = sourcecode.swift; path = TrendingViewController.swift; sourceTree = "<group>"; };
		4F4439791D0BA6930040E35B /* ComposeViewController.swift */ = {isa = PBXFileReference; fileEncoding = 4; lastKnownFileType = sourcecode.swift; path = ComposeViewController.swift; sourceTree = "<group>"; };
/* End PBXFileReference section */

/* Begin PBXFrameworksBuildPhase section */
		4F4439071D0AFBCA0040E35B /* Frameworks */ = {
			isa = PBXFrameworksBuildPhase;
			buildActionMask = 2147483647;
			files = (
			);
			runOnlyForDeploymentPostprocessing = 0;
		};
		4F44391B1D0AFBCA0040E35B /* Frameworks */ = {
			isa = PBXFrameworksBuildPhase;
			buildActionMask = 2147483647;
			files = (
			);
			runOnlyForDeploymentPostprocessing = 0;
		};
		4F4439261D0AFBCA0040E35B /* Frameworks */ = {
			isa = PBXFrameworksBuildPhase;
			buildActionMask = 2147483647;
			files = (
			);
			runOnlyForDeploymentPostprocessing = 0;
		};
/* End PBXFrameworksBuildPhase section */

/* Begin PBXGroup section */
		4F4439011D0AFBCA0040E35B = {
			isa = PBXGroup;
			children = (
				4F44390C1D0AFBCA0040E35B /* Tumblr1 */,
				4F4439211D0AFBCA0040E35B /* Tumblr1Tests */,
				4F44392C1D0AFBCA0040E35B /* Tumblr1UITests */,
				4F44390B1D0AFBCA0040E35B /* Products */,
			);
			sourceTree = "<group>";
		};
		4F44390B1D0AFBCA0040E35B /* Products */ = {
			isa = PBXGroup;
			children = (
				4F44390A1D0AFBCA0040E35B /* Tumblr1.app */,
				4F44391E1D0AFBCA0040E35B /* Tumblr1Tests.xctest */,
				4F4439291D0AFBCA0040E35B /* Tumblr1UITests.xctest */,
			);
			name = Products;
			sourceTree = "<group>";
		};
		4F44390C1D0AFBCA0040E35B /* Tumblr1 */ = {
			isa = PBXGroup;
			children = (
				4F44390D1D0AFBCA0040E35B /* AppDelegate.swift */,
				4F44390F1D0AFBCA0040E35B /* ViewController.swift */,
				4F4439111D0AFBCA0040E35B /* Main.storyboard */,
				4F0AED551D1044B300E03CDE /* LoginViewController.swift */,
				4F4439791D0BA6930040E35B /* ComposeViewController.swift */,
				4F4439771D0B959E0040E35B /* TrendingViewController.swift */,
				4F44393B1D0B02340040E35B /* TabBarViewController.swift */,
				4F4439141D0AFBCA0040E35B /* Assets.xcassets */,
				4F4439161D0AFBCA0040E35B /* LaunchScreen.storyboard */,
				4F4439191D0AFBCA0040E35B /* Info.plist */,
			);
			path = Tumblr1;
			sourceTree = "<group>";
		};
		4F4439211D0AFBCA0040E35B /* Tumblr1Tests */ = {
			isa = PBXGroup;
			children = (
				4F4439221D0AFBCA0040E35B /* Tumblr1Tests.swift */,
				4F4439241D0AFBCA0040E35B /* Info.plist */,
			);
			path = Tumblr1Tests;
			sourceTree = "<group>";
		};
		4F44392C1D0AFBCA0040E35B /* Tumblr1UITests */ = {
			isa = PBXGroup;
			children = (
				4F44392D1D0AFBCA0040E35B /* Tumblr1UITests.swift */,
				4F44392F1D0AFBCA0040E35B /* Info.plist */,
			);
			path = Tumblr1UITests;
			sourceTree = "<group>";
		};
/* End PBXGroup section */

/* Begin PBXNativeTarget section */
		4F4439091D0AFBCA0040E35B /* Tumblr1 */ = {
			isa = PBXNativeTarget;
			buildConfigurationList = 4F4439321D0AFBCA0040E35B /* Build configuration list for PBXNativeTarget "Tumblr1" */;
			buildPhases = (
				4F4439061D0AFBCA0040E35B /* Sources */,
				4F4439071D0AFBCA0040E35B /* Frameworks */,
				4F4439081D0AFBCA0040E35B /* Resources */,
			);
			buildRules = (
			);
			dependencies = (
			);
			name = Tumblr1;
			productName = Tumblr1;
			productReference = 4F44390A1D0AFBCA0040E35B /* Tumblr1.app */;
			productType = "com.apple.product-type.application";
		};
		4F44391D1D0AFBCA0040E35B /* Tumblr1Tests */ = {
			isa = PBXNativeTarget;
			buildConfigurationList = 4F4439351D0AFBCA0040E35B /* Build configuration list for PBXNativeTarget "Tumblr1Tests" */;
			buildPhases = (
				4F44391A1D0AFBCA0040E35B /* Sources */,
				4F44391B1D0AFBCA0040E35B /* Frameworks */,
				4F44391C1D0AFBCA0040E35B /* Resources */,
			);
			buildRules = (
			);
			dependencies = (
				4F4439201D0AFBCA0040E35B /* PBXTargetDependency */,
			);
			name = Tumblr1Tests;
			productName = Tumblr1Tests;
			productReference = 4F44391E1D0AFBCA0040E35B /* Tumblr1Tests.xctest */;
			productType = "com.apple.product-type.bundle.unit-test";
		};
		4F4439281D0AFBCA0040E35B /* Tumblr1UITests */ = {
			isa = PBXNativeTarget;
			buildConfigurationList = 4F4439381D0AFBCA0040E35B /* Build configuration list for PBXNativeTarget "Tumblr1UITests" */;
			buildPhases = (
				4F4439251D0AFBCA0040E35B /* Sources */,
				4F4439261D0AFBCA0040E35B /* Frameworks */,
				4F4439271D0AFBCA0040E35B /* Resources */,
			);
			buildRules = (
			);
			dependencies = (
				4F44392B1D0AFBCA0040E35B /* PBXTargetDependency */,
			);
			name = Tumblr1UITests;
			productName = Tumblr1UITests;
			productReference = 4F4439291D0AFBCA0040E35B /* Tumblr1UITests.xctest */;
			productType = "com.apple.product-type.bundle.ui-testing";
		};
/* End PBXNativeTarget section */

/* Begin PBXProject section */
		4F4439021D0AFBCA0040E35B /* Project object */ = {
			isa = PBXProject;
			attributes = {
				LastSwiftUpdateCheck = 0730;
				LastUpgradeCheck = 0730;
				ORGANIZATIONNAME = "Sumit Kohli";
				TargetAttributes = {
					4F4439091D0AFBCA0040E35B = {
						CreatedOnToolsVersion = 7.3.1;
					};
					4F44391D1D0AFBCA0040E35B = {
						CreatedOnToolsVersion = 7.3.1;
						TestTargetID = 4F4439091D0AFBCA0040E35B;
					};
					4F4439281D0AFBCA0040E35B = {
						CreatedOnToolsVersion = 7.3.1;
						TestTargetID = 4F4439091D0AFBCA0040E35B;
					};
				};
			};
			buildConfigurationList = 4F4439051D0AFBCA0040E35B /* Build configuration list for PBXProject "Tumblr1" */;
			compatibilityVersion = "Xcode 3.2";
			developmentRegion = English;
			hasScannedForEncodings = 0;
			knownRegions = (
				en,
				Base,
			);
			mainGroup = 4F4439011D0AFBCA0040E35B;
			productRefGroup = 4F44390B1D0AFBCA0040E35B /* Products */;
			projectDirPath = "";
			projectRoot = "";
			targets = (
				4F4439091D0AFBCA0040E35B /* Tumblr1 */,
				4F44391D1D0AFBCA0040E35B /* Tumblr1Tests */,
				4F4439281D0AFBCA0040E35B /* Tumblr1UITests */,
			);
		};
/* End PBXProject section */

/* Begin PBXResourcesBuildPhase section */
		4F4439081D0AFBCA0040E35B /* Resources */ = {
			isa = PBXResourcesBuildPhase;
			buildActionMask = 2147483647;
			files = (
				4F4439181D0AFBCA0040E35B /* LaunchScreen.storyboard in Resources */,
				4F4439151D0AFBCA0040E35B /* Assets.xcassets in Resources */,
				4F4439131D0AFBCA0040E35B /* Main.storyboard in Resources */,
			);
			runOnlyForDeploymentPostprocessing = 0;
		};
		4F44391C1D0AFBCA0040E35B /* Resources */ = {
			isa = PBXResourcesBuildPhase;
			buildActionMask = 2147483647;
			files = (
			);
			runOnlyForDeploymentPostprocessing = 0;
		};
		4F4439271D0AFBCA0040E35B /* Resources */ = {
			isa = PBXResourcesBuildPhase;
			buildActionMask = 2147483647;
			files = (
			);
			runOnlyForDeploymentPostprocessing = 0;
		};
/* End PBXResourcesBuildPhase section */

/* Begin PBXSourcesBuildPhase section */
		4F4439061D0AFBCA0040E35B /* Sources */ = {
			isa = PBXSourcesBuildPhase;
			buildActionMask = 2147483647;
			files = (
				4F0AED561D1044B300E03CDE /* LoginViewController.swift in Sources */,
				4F44397A1D0BA6930040E35B /* ComposeViewController.swift in Sources */,
				4F4439101D0AFBCA0040E35B /* ViewController.swift in Sources */,
				4F4439781D0B959E0040E35B /* TrendingViewController.swift in Sources */,
				4F44393C1D0B02340040E35B /* TabBarViewController.swift in Sources */,
				4F44390E1D0AFBCA0040E35B /* AppDelegate.swift in Sources */,
			);
			runOnlyForDeploymentPostprocessing = 0;
		};
		4F44391A1D0AFBCA0040E35B /* Sources */ = {
			isa = PBXSourcesBuildPhase;
			buildActionMask = 2147483647;
			files = (
				4F4439231D0AFBCA0040E35B /* Tumblr1Tests.swift in Sources */,
			);
			runOnlyForDeploymentPostprocessing = 0;
		};
		4F4439251D0AFBCA0040E35B /* Sources */ = {
			isa = PBXSourcesBuildPhase;
			buildActionMask = 2147483647;
			files = (
				4F44392E1D0AFBCA0040E35B /* Tumblr1UITests.swift in Sources */,
			);
			runOnlyForDeploymentPostprocessing = 0;
		};
/* End PBXSourcesBuildPhase section */

/* Begin PBXTargetDependency section */
		4F4439201D0AFBCA0040E35B /* PBXTargetDependency */ = {
			isa = PBXTargetDependency;
			target = 4F4439091D0AFBCA0040E35B /* Tumblr1 */;
			targetProxy = 4F44391F1D0AFBCA0040E35B /* PBXContainerItemProxy */;
		};
		4F44392B1D0AFBCA0040E35B /* PBXTargetDependency */ = {
			isa = PBXTargetDependency;
			target = 4F4439091D0AFBCA0040E35B /* Tumblr1 */;
			targetProxy = 4F44392A1D0AFBCA0040E35B /* PBXContainerItemProxy */;
		};
/* End PBXTargetDependency section */

/* Begin PBXVariantGroup section */
		4F4439111D0AFBCA0040E35B /* Main.storyboard */ = {
			isa = PBXVariantGroup;
			children = (
				4F4439121D0AFBCA0040E35B /* Base */,
			);
			name = Main.storyboard;
			sourceTree = "<group>";
		};
		4F4439161D0AFBCA0040E35B /* LaunchScreen.storyboard */ = {
			isa = PBXVariantGroup;
			children = (
				4F4439171D0AFBCA0040E35B /* Base */,
			);
			name = LaunchScreen.storyboard;
			sourceTree = "<group>";
		};
/* End PBXVariantGroup section */

/* Begin XCBuildConfiguration section */
		4F4439301D0AFBCA0040E35B /* Debug */ = {
			isa = XCBuildConfiguration;
			buildSettings = {
				ALWAYS_SEARCH_USER_PATHS = NO;
				CLANG_ANALYZER_NONNULL = YES;
				CLANG_CXX_LANGUAGE_STANDARD = "gnu++0x";
				CLANG_CXX_LIBRARY = "libc++";
				CLANG_ENABLE_MODULES = YES;
				CLANG_ENABLE_OBJC_ARC = YES;
				CLANG_WARN_BOOL_CONVERSION = YES;
				CLANG_WARN_CONSTANT_CONVERSION = YES;
				CLANG_WARN_DIRECT_OBJC_ISA_USAGE = YES_ERROR;
				CLANG_WARN_EMPTY_BODY = YES;
				CLANG_WARN_ENUM_CONVERSION = YES;
				CLANG_WARN_INT_CONVERSION = YES;
				CLANG_WARN_OBJC_ROOT_CLASS = YES_ERROR;
				CLANG_WARN_UNREACHABLE_CODE = YES;
				CLANG_WARN__DUPLICATE_METHOD_MATCH = YES;
				"CODE_SIGN_IDENTITY[sdk=iphoneos*]" = "iPhone Developer";
				COPY_PHASE_STRIP = NO;
				DEBUG_INFORMATION_FORMAT = dwarf;
				ENABLE_STRICT_OBJC_MSGSEND = YES;
				ENABLE_TESTABILITY = YES;
				GCC_C_LANGUAGE_STANDARD = gnu99;
				GCC_DYNAMIC_NO_PIC = NO;
				GCC_NO_COMMON_BLOCKS = YES;
				GCC_OPTIMIZATION_LEVEL = 0;
				GCC_PREPROCESSOR_DEFINITIONS = (
					"DEBUG=1",
					"$(inherited)",
				);
				GCC_WARN_64_TO_32_BIT_CONVERSION = YES;
				GCC_WARN_ABOUT_RETURN_TYPE = YES_ERROR;
				GCC_WARN_UNDECLARED_SELECTOR = YES;
				GCC_WARN_UNINITIALIZED_AUTOS = YES_AGGRESSIVE;
				GCC_WARN_UNUSED_FUNCTION = YES;
				GCC_WARN_UNUSED_VARIABLE = YES;
				IPHONEOS_DEPLOYMENT_TARGET = 9.3;
				MTL_ENABLE_DEBUG_INFO = YES;
				ONLY_ACTIVE_ARCH = YES;
				SDKROOT = iphoneos;
				SWIFT_OPTIMIZATION_LEVEL = "-Onone";
				TARGETED_DEVICE_FAMILY = "1,2";
			};
			name = Debug;
		};
		4F4439311D0AFBCA0040E35B /* Release */ = {
			isa = XCBuildConfiguration;
			buildSettings = {
				ALWAYS_SEARCH_USER_PATHS = NO;
				CLANG_ANALYZER_NONNULL = YES;
				CLANG_CXX_LANGUAGE_STANDARD = "gnu++0x";
				CLANG_CXX_LIBRARY = "libc++";
				CLANG_ENABLE_MODULES = YES;
				CLANG_ENABLE_OBJC_ARC = YES;
				CLANG_WARN_BOOL_CONVERSION = YES;
				CLANG_WARN_CONSTANT_CONVERSION = YES;
				CLANG_WARN_DIRECT_OBJC_ISA_USAGE = YES_ERROR;
				CLANG_WARN_EMPTY_BODY = YES;
				CLANG_WARN_ENUM_CONVERSION = YES;
				CLANG_WARN_INT_CONVERSION = YES;
				CLANG_WARN_OBJC_ROOT_CLASS = YES_ERROR;
				CLANG_WARN_UNREACHABLE_CODE = YES;
				CLANG_WARN__DUPLICATE_METHOD_MATCH = YES;
				"CODE_SIGN_IDENTITY[sdk=iphoneos*]" = "iPhone Developer";
				COPY_PHASE_STRIP = NO;
				DEBUG_INFORMATION_FORMAT = "dwarf-with-dsym";
				ENABLE_NS_ASSERTIONS = NO;
				ENABLE_STRICT_OBJC_MSGSEND = YES;
				GCC_C_LANGUAGE_STANDARD = gnu99;
				GCC_NO_COMMON_BLOCKS = YES;
				GCC_WARN_64_TO_32_BIT_CONVERSION = YES;
				GCC_WARN_ABOUT_RETURN_TYPE = YES_ERROR;
				GCC_WARN_UNDECLARED_SELECTOR = YES;
				GCC_WARN_UNINITIALIZED_AUTOS = YES_AGGRESSIVE;
				GCC_WARN_UNUSED_FUNCTION = YES;
				GCC_WARN_UNUSED_VARIABLE = YES;
				IPHONEOS_DEPLOYMENT_TARGET = 9.3;
				MTL_ENABLE_DEBUG_INFO = NO;
				SDKROOT = iphoneos;
				TARGETED_DEVICE_FAMILY = "1,2";
				VALIDATE_PRODUCT = YES;
			};
			name = Release;
		};
		4F4439331D0AFBCA0040E35B /* Debug */ = {
			isa = XCBuildConfiguration;
			buildSettings = {
				ASSETCATALOG_COMPILER_APPICON_NAME = AppIcon;
				INFOPLIST_FILE = Tumblr1/Info.plist;
				LD_RUNPATH_SEARCH_PATHS = "$(inherited) @executable_path/Frameworks";
				PRODUCT_BUNDLE_IDENTIFIER = walmart.Tumblr1;
				PRODUCT_NAME = "$(TARGET_NAME)";
			};
			name = Debug;
		};
		4F4439341D0AFBCA0040E35B /* Release */ = {
			isa = XCBuildConfiguration;
			buildSettings = {
				ASSETCATALOG_COMPILER_APPICON_NAME = AppIcon;
				INFOPLIST_FILE = Tumblr1/Info.plist;
				LD_RUNPATH_SEARCH_PATHS = "$(inherited) @executable_path/Frameworks";
				PRODUCT_BUNDLE_IDENTIFIER = walmart.Tumblr1;
				PRODUCT_NAME = "$(TARGET_NAME)";
			};
			name = Release;
		};
		4F4439361D0AFBCA0040E35B /* Debug */ = {
			isa = XCBuildConfiguration;
			buildSettings = {
				BUNDLE_LOADER = "$(TEST_HOST)";
				INFOPLIST_FILE = Tumblr1Tests/Info.plist;
				LD_RUNPATH_SEARCH_PATHS = "$(inherited) @executable_path/Frameworks @loader_path/Frameworks";
				PRODUCT_BUNDLE_IDENTIFIER = walmart.Tumblr1Tests;
				PRODUCT_NAME = "$(TARGET_NAME)";
				TEST_HOST = "$(BUILT_PRODUCTS_DIR)/Tumblr1.app/Tumblr1";
			};
			name = Debug;
		};
		4F4439371D0AFBCA0040E35B /* Release */ = {
			isa = XCBuildConfiguration;
			buildSettings = {
				BUNDLE_LOADER = "$(TEST_HOST)";
				INFOPLIST_FILE = Tumblr1Tests/Info.plist;
				LD_RUNPATH_SEARCH_PATHS = "$(inherited) @executable_path/Frameworks @loader_path/Frameworks";
				PRODUCT_BUNDLE_IDENTIFIER = walmart.Tumblr1Tests;
				PRODUCT_NAME = "$(TARGET_NAME)";
				TEST_HOST = "$(BUILT_PRODUCTS_DIR)/Tumblr1.app/Tumblr1";
			};
			name = Release;
		};
		4F4439391D0AFBCA0040E35B /* Debug */ = {
			isa = XCBuildConfiguration;
			buildSettings = {
				INFOPLIST_FILE = Tumblr1UITests/Info.plist;
				LD_RUNPATH_SEARCH_PATHS = "$(inherited) @executable_path/Frameworks @loader_path/Frameworks";
				PRODUCT_BUNDLE_IDENTIFIER = walmart.Tumblr1UITests;
				PRODUCT_NAME = "$(TARGET_NAME)";
				TEST_TARGET_NAME = Tumblr1;
			};
			name = Debug;
		};
		4F44393A1D0AFBCA0040E35B /* Release */ = {
			isa = XCBuildConfiguration;
			buildSettings = {
				INFOPLIST_FILE = Tumblr1UITests/Info.plist;
				LD_RUNPATH_SEARCH_PATHS = "$(inherited) @executable_path/Frameworks @loader_path/Frameworks";
				PRODUCT_BUNDLE_IDENTIFIER = walmart.Tumblr1UITests;
				PRODUCT_NAME = "$(TARGET_NAME)";
				TEST_TARGET_NAME = Tumblr1;
			};
			name = Release;
		};
/* End XCBuildConfiguration section */

/* Begin XCConfigurationList section */
		4F4439051D0AFBCA0040E35B /* Build configuration list for PBXProject "Tumblr1" */ = {
			isa = XCConfigurationList;
			buildConfigurations = (
				4F4439301D0AFBCA0040E35B /* Debug */,
				4F4439311D0AFBCA0040E35B /* Release */,
			);
			defaultConfigurationIsVisible = 0;
			defaultConfigurationName = Release;
		};
		4F4439321D0AFBCA0040E35B /* Build configuration list for PBXNativeTarget "Tumblr1" */ = {
			isa = XCConfigurationList;
			buildConfigurations = (
				4F4439331D0AFBCA0040E35B /* Debug */,
				4F4439341D0AFBCA0040E35B /* Release */,
			);
			defaultConfigurationIsVisible = 0;
			defaultConfigurationName = Release;
		};
		4F4439351D0AFBCA0040E35B /* Build configuration list for PBXNativeTarget "Tumblr1Tests" */ = {
			isa = XCConfigurationList;
			buildConfigurations = (
				4F4439361D0AFBCA0040E35B /* Debug */,
				4F4439371D0AFBCA0040E35B /* Release */,
			);
			defaultConfigurationIsVisible = 0;
			defaultConfigurationName = Release;
		};
		4F4439381D0AFBCA0040E35B /* Build configuration list for PBXNativeTarget "Tumblr1UITests" */ = {
			isa = XCConfigurationList;
			buildConfigurations = (
				4F4439391D0AFBCA0040E35B /* Debug */,
				4F44393A1D0AFBCA0040E35B /* Release */,
			);
			defaultConfigurationIsVisible = 0;
			defaultConfigurationName = Release;
		};
/* End XCConfigurationList section */
	};
	rootObject = 4F4439021D0AFBCA0040E35B /* Project object */;
}
